
Microsoft Visual Studio Solution File, Format Version 12.00
# Visual Studio Version 17
VisualStudioVersion = 17.5.001.0
MinimumVisualStudioVersion = 10.0.40219.1
Project("{9A19103F-16F7-4668-BE54-9A1E7A4F7556}") = "task00", "task00.csproj", "{22002F7F-A461-4F6A-A453-5A13C5A4DCFB}"
EndProject
Global
	GlobalSection(SolutionConfigurationPlatforms) = preSolution
		Debug|Any CPU = Debug|Any CPU
		Release|Any CPU = Release|Any CPU
	EndGlobalSection
	GlobalSection(ProjectConfigurationPlatforms) = postSolution
		{22002F7F-A461-4F6A-A453-5A13C5A4DCFB}.Debug|Any CPU.ActiveCfg = Debug|Any CPU
		{22002F7F-A461-4F6A-A453-5A13C5A4DCFB}.Debug|Any CPU.Build.0 = Debug|Any CPU
		{22002F7F-A461-4F6A-A453-5A13C5A4DCFB}.Release|Any CPU.ActiveCfg = Release|Any CPU
		{22002F7F-A461-4F6A-A453-5A13C5A4DCFB}.Release|Any CPU.Build.0 = Release|Any CPU
	EndGlobalSection
	GlobalSection(SolutionProperties) = preSolution
		HideSolutionNode = FALSE
	EndGlobalSection
	GlobalSection(ExtensibilityGlobals) = postSolution
		SolutionGuid = {7B362378-41DB-4A69-8806-D828486A3F72}
	EndGlobalSection
EndGlobal
